
Microsoft Visual Studio Solution File, Format Version 12.00
# Visual Studio Version 16
VisualStudioVersion = 25.0.1700.0
MinimumVisualStudioVersion = 10.0.40219.1
Project("{FAE04EC0-301F-11D3-BF4B-00C04F79EFBC}") = "helloWorldGraph", "helloWorldGraph\helloWorldGraph.csproj", "{2D534FFC-73A8-45C0-A167-941FEC44DE2E}"
EndProject
Global
	GlobalSection(SolutionConfigurationPlatforms) = preSolution
		Debug|Any CPU = Debug|Any CPU
		Release|Any CPU = Release|Any CPU
	EndGlobalSection
	GlobalSection(ProjectConfigurationPlatforms) = postSolution
		{2D534FFC-73A8-45C0-A167-941FEC44DE2E}.Debug|Any CPU.ActiveCfg = Debug|Any CPU
		{2D534FFC-73A8-45C0-A167-941FEC44DE2E}.Debug|Any CPU.Build.0 = Debug|Any CPU
		{2D534FFC-73A8-45C0-A167-941FEC44DE2E}.Release|Any CPU.ActiveCfg = Release|Any CPU
		{2D534FFC-73A8-45C0-A167-941FEC44DE2E}.Release|Any CPU.Build.0 = Release|Any CPU
	EndGlobalSection
	GlobalSection(SolutionProperties) = preSolution
		HideSolutionNode = FALSE
	EndGlobalSection
	GlobalSection(ExtensibilityGlobals) = postSolution
		SolutionGuid = {3F0D7AA4-4ACF-4CC0-B41A-33A3E5C9A52E}
	EndGlobalSection
EndGlobal
