
Microsoft Visual Studio Solution File, Format Version 12.00
# Visual Studio Version 16
VisualStudioVersion = 25.0.1700.0
MinimumVisualStudioVersion = 10.0.40219.1
Project("{FAE04EC0-301F-11D3-BF4B-00C04F79EFBC}") = "stringExample", "stringExample\stringExample.csproj", "{DBEC6F91-3B15-478C-BA09-36B4E5AE74AB}"
EndProject
Global
	GlobalSection(SolutionConfigurationPlatforms) = preSolution
		Debug|Any CPU = Debug|Any CPU
		Release|Any CPU = Release|Any CPU
	EndGlobalSection
	GlobalSection(ProjectConfigurationPlatforms) = postSolution
		{DBEC6F91-3B15-478C-BA09-36B4E5AE74AB}.Debug|Any CPU.ActiveCfg = Debug|Any CPU
		{DBEC6F91-3B15-478C-BA09-36B4E5AE74AB}.Debug|Any CPU.Build.0 = Debug|Any CPU
		{DBEC6F91-3B15-478C-BA09-36B4E5AE74AB}.Release|Any CPU.ActiveCfg = Release|Any CPU
		{DBEC6F91-3B15-478C-BA09-36B4E5AE74AB}.Release|Any CPU.Build.0 = Release|Any CPU
	EndGlobalSection
	GlobalSection(SolutionProperties) = preSolution
		HideSolutionNode = FALSE
	EndGlobalSection
	GlobalSection(ExtensibilityGlobals) = postSolution
		SolutionGuid = {6EE27E1F-EA5C-49E7-BA04-B4828B8A5F86}
	EndGlobalSection
EndGlobal
