
Microsoft Visual Studio Solution File, Format Version 12.00
# Visual Studio Version 16
VisualStudioVersion = 25.0.1700.0
MinimumVisualStudioVersion = 10.0.40219.1
Project("{FAE04EC0-301F-11D3-BF4B-00C04F79EFBC}") = "calculatorWithIf", "calculatorWithIf\calculatorWithIf.csproj", "{CDAF38C5-FAAE-476B-A4C5-D2B2DC1B89CD}"
EndProject
Global
	GlobalSection(SolutionConfigurationPlatforms) = preSolution
		Debug|Any CPU = Debug|Any CPU
		Release|Any CPU = Release|Any CPU
	EndGlobalSection
	GlobalSection(ProjectConfigurationPlatforms) = postSolution
		{CDAF38C5-FAAE-476B-A4C5-D2B2DC1B89CD}.Debug|Any CPU.ActiveCfg = Debug|Any CPU
		{CDAF38C5-FAAE-476B-A4C5-D2B2DC1B89CD}.Debug|Any CPU.Build.0 = Debug|Any CPU
		{CDAF38C5-FAAE-476B-A4C5-D2B2DC1B89CD}.Release|Any CPU.ActiveCfg = Release|Any CPU
		{CDAF38C5-FAAE-476B-A4C5-D2B2DC1B89CD}.Release|Any CPU.Build.0 = Release|Any CPU
	EndGlobalSection
	GlobalSection(SolutionProperties) = preSolution
		HideSolutionNode = FALSE
	EndGlobalSection
	GlobalSection(ExtensibilityGlobals) = postSolution
		SolutionGuid = {B06ABF1F-82D8-45C3-A420-E23EE75A7043}
	EndGlobalSection
EndGlobal
