
Microsoft Visual Studio Solution File, Format Version 12.00
# Visual Studio Version 16
VisualStudioVersion = 25.0.1700.0
MinimumVisualStudioVersion = 10.0.40219.1
Project("{FAE04EC0-301F-11D3-BF4B-00C04F79EFBC}") = "numericCalculator", "numericCalculator\numericCalculator.csproj", "{C1248C11-0C4B-4BF5-83B6-4F302F527525}"
EndProject
Global
	GlobalSection(SolutionConfigurationPlatforms) = preSolution
		Debug|Any CPU = Debug|Any CPU
		Release|Any CPU = Release|Any CPU
	EndGlobalSection
	GlobalSection(ProjectConfigurationPlatforms) = postSolution
		{C1248C11-0C4B-4BF5-83B6-4F302F527525}.Debug|Any CPU.ActiveCfg = Debug|Any CPU
		{C1248C11-0C4B-4BF5-83B6-4F302F527525}.Debug|Any CPU.Build.0 = Debug|Any CPU
		{C1248C11-0C4B-4BF5-83B6-4F302F527525}.Release|Any CPU.ActiveCfg = Release|Any CPU
		{C1248C11-0C4B-4BF5-83B6-4F302F527525}.Release|Any CPU.Build.0 = Release|Any CPU
	EndGlobalSection
	GlobalSection(SolutionProperties) = preSolution
		HideSolutionNode = FALSE
	EndGlobalSection
	GlobalSection(ExtensibilityGlobals) = postSolution
		SolutionGuid = {9EAD0B5D-299D-492F-8126-399823E14B59}
	EndGlobalSection
EndGlobal
